
Microsoft Visual Studio Solution File, Format Version 12.00
# Visual Studio Version 16
VisualStudioVersion = 16.0.31729.503
MinimumVisualStudioVersion = 10.0.40219.1
Project("{FAE04EC0-301F-11D3-BF4B-00C04F79EFBC}") = "Quotient_Reminder_Probleam", "Quotient_Reminder_Probleam\Quotient_Reminder_Probleam.csproj", "{6A6E0C9F-1BFB-429E-AF54-2DAFB89BAC48}"
EndProject
Global
	GlobalSection(SolutionConfigurationPlatforms) = preSolution
		Debug|Any CPU = Debug|Any CPU
		Release|Any CPU = Release|Any CPU
	EndGlobalSection
	GlobalSection(ProjectConfigurationPlatforms) = postSolution
		{6A6E0C9F-1BFB-429E-AF54-2DAFB89BAC48}.Debug|Any CPU.ActiveCfg = Debug|Any CPU
		{6A6E0C9F-1BFB-429E-AF54-2DAFB89BAC48}.Debug|Any CPU.Build.0 = Debug|Any CPU
		{6A6E0C9F-1BFB-429E-AF54-2DAFB89BAC48}.Release|Any CPU.ActiveCfg = Release|Any CPU
		{6A6E0C9F-1BFB-429E-AF54-2DAFB89BAC48}.Release|Any CPU.Build.0 = Release|Any CPU
	EndGlobalSection
	GlobalSection(SolutionProperties) = preSolution
		HideSolutionNode = FALSE
	EndGlobalSection
	GlobalSection(ExtensibilityGlobals) = postSolution
		SolutionGuid = {FF0D5332-34C0-4D48-8088-4C4787042DB7}
	EndGlobalSection
EndGlobal
