
Microsoft Visual Studio Solution File, Format Version 12.00
# Visual Studio Version 16
VisualStudioVersion = 16.0.31729.503
MinimumVisualStudioVersion = 10.0.40219.1
Project("{FAE04EC0-301F-11D3-BF4B-00C04F79EFBC}") = "Leap_Year_Check", "Leap_Year_Check\Leap_Year_Check.csproj", "{08A0D683-16A4-494C-9874-61C6389468CF}"
EndProject
Global
	GlobalSection(SolutionConfigurationPlatforms) = preSolution
		Debug|Any CPU = Debug|Any CPU
		Release|Any CPU = Release|Any CPU
	EndGlobalSection
	GlobalSection(ProjectConfigurationPlatforms) = postSolution
		{08A0D683-16A4-494C-9874-61C6389468CF}.Debug|Any CPU.ActiveCfg = Debug|Any CPU
		{08A0D683-16A4-494C-9874-61C6389468CF}.Debug|Any CPU.Build.0 = Debug|Any CPU
		{08A0D683-16A4-494C-9874-61C6389468CF}.Release|Any CPU.ActiveCfg = Release|Any CPU
		{08A0D683-16A4-494C-9874-61C6389468CF}.Release|Any CPU.Build.0 = Release|Any CPU
	EndGlobalSection
	GlobalSection(SolutionProperties) = preSolution
		HideSolutionNode = FALSE
	EndGlobalSection
	GlobalSection(ExtensibilityGlobals) = postSolution
		SolutionGuid = {FAEF0BC1-BD95-460B-A219-672E4E7795F1}
	EndGlobalSection
EndGlobal
