
Microsoft Visual Studio Solution File, Format Version 12.00
# Visual Studio Version 16
VisualStudioVersion = 16.0.31729.503
MinimumVisualStudioVersion = 10.0.40219.1
Project("{FAE04EC0-301F-11D3-BF4B-00C04F79EFBC}") = "tp", "tp\tp.csproj", "{137A4325-956E-4947-9AD9-C060A78226F1}"
EndProject
Global
	GlobalSection(SolutionConfigurationPlatforms) = preSolution
		Debug|Any CPU = Debug|Any CPU
		Release|Any CPU = Release|Any CPU
	EndGlobalSection
	GlobalSection(ProjectConfigurationPlatforms) = postSolution
		{137A4325-956E-4947-9AD9-C060A78226F1}.Debug|Any CPU.ActiveCfg = Debug|Any CPU
		{137A4325-956E-4947-9AD9-C060A78226F1}.Debug|Any CPU.Build.0 = Debug|Any CPU
		{137A4325-956E-4947-9AD9-C060A78226F1}.Release|Any CPU.ActiveCfg = Release|Any CPU
		{137A4325-956E-4947-9AD9-C060A78226F1}.Release|Any CPU.Build.0 = Release|Any CPU
	EndGlobalSection
	GlobalSection(SolutionProperties) = preSolution
		HideSolutionNode = FALSE
	EndGlobalSection
	GlobalSection(ExtensibilityGlobals) = postSolution
		SolutionGuid = {34BC7E0F-BD45-4C3E-8BD4-469AED98808F}
	EndGlobalSection
EndGlobal
